
Microsoft Visual Studio Solution File, Format Version 11.00
# Visual Studio 2010
Project("{FAE04EC0-301F-11D3-BF4B-00C04F79EFBC}") = "secundomer", "Assembly-CSharp.csproj", "{E381697E-26E5-49AB-5252-8B5F557EF265}"
EndProject
Global
	GlobalSection(SolutionConfigurationPlatforms) = preSolution
		Debug|Any CPU = Debug|Any CPU
		Release|Any CPU = Release|Any CPU
	EndGlobalSection
	GlobalSection(ProjectConfigurationPlatforms) = postSolution
		{E381697E-26E5-49AB-5252-8B5F557EF265}.Debug|Any CPU.ActiveCfg = Debug|Any CPU
		{E381697E-26E5-49AB-5252-8B5F557EF265}.Debug|Any CPU.Build.0 = Debug|Any CPU
		{E381697E-26E5-49AB-5252-8B5F557EF265}.Release|Any CPU.ActiveCfg = Release|Any CPU
		{E381697E-26E5-49AB-5252-8B5F557EF265}.Release|Any CPU.Build.0 = Release|Any CPU
	EndGlobalSection
	GlobalSection(SolutionProperties) = preSolution
		HideSolutionNode = FALSE
	EndGlobalSection
	GlobalSection(MonoDevelopProperties) = preSolution
		StartupItem = Assembly-CSharp.csproj
	EndGlobalSection
EndGlobal
